// !$*UTF8*$!
{
	archiveVersion = 1;
	classes = {
	};
	objectVersion = 46;
	objects = {

/* Begin PBXBuildFile section */
		C2A579FB1CBB42DB00BC11A1 /* AppDelegate.swift in Sources */ = {isa = PBXBuildFile; fileRef = C2A579FA1CBB42DB00BC11A1 /* AppDelegate.swift */; };
		C2A579FD1CBB42DB00BC11A1 /* Assets.xcassets in Resources */ = {isa = PBXBuildFile; fileRef = C2A579FC1CBB42DB00BC11A1 /* Assets.xcassets */; };
		C2A57A001CBB42DB00BC11A1 /* MainMenu.xib in Resources */ = {isa = PBXBuildFile; fileRef = C2A579FE1CBB42DB00BC11A1 /* MainMenu.xib */; };
		C2A57A0E1CBB69AE00BC11A1 /* shakespeare.txt in Resources */ = {isa = PBXBuildFile; fileRef = C2A57A0D1CBB69AE00BC11A1 /* shakespeare.txt */; };
		C2A57A161CBB6B9000BC11A1 /* AppDelegate.swift in Sources */ = {isa = PBXBuildFile; fileRef = C2A57A151CBB6B9000BC11A1 /* AppDelegate.swift */; };
		C2A57A181CBB6B9000BC11A1 /* GameViewController.swift in Sources */ = {isa = PBXBuildFile; fileRef = C2A57A171CBB6B9000BC11A1 /* GameViewController.swift */; };
		C2A57A1A1CBB6B9000BC11A1 /* Shaders.metal in Sources */ = {isa = PBXBuildFile; fileRef = C2A57A191CBB6B9000BC11A1 /* Shaders.metal */; };
		C2A57A1C1CBB6B9000BC11A1 /* Assets.xcassets in Resources */ = {isa = PBXBuildFile; fileRef = C2A57A1B1CBB6B9000BC11A1 /* Assets.xcassets */; };
		C2A57A1F1CBB6B9100BC11A1 /* MainMenu.xib in Resources */ = {isa = PBXBuildFile; fileRef = C2A57A1D1CBB6B9100BC11A1 /* MainMenu.xib */; };
		C2A57A271CBB817100BC11A1 /* Shaders.metal in Sources */ = {isa = PBXBuildFile; fileRef = C2A57A261CBB817100BC11A1 /* Shaders.metal */; };
		C2A57A291CC2C8AA00BC11A1 /* DisplayViewController.swift in Sources */ = {isa = PBXBuildFile; fileRef = C2A57A241CBB6CAE00BC11A1 /* DisplayViewController.swift */; };
		C2A57A2B1CC2E60500BC11A1 /* Layout.swift in Sources */ = {isa = PBXBuildFile; fileRef = C2A57A2A1CC2E60500BC11A1 /* Layout.swift */; };
/* End PBXBuildFile section */

/* Begin PBXFileReference section */
		C2A579F71CBB42DB00BC11A1 /* GPUTextComparison.app */ = {isa = PBXFileReference; explicitFileType = wrapper.application; includeInIndex = 0; path = GPUTextComparison.app; sourceTree = BUILT_PRODUCTS_DIR; };
		C2A579FA1CBB42DB00BC11A1 /* AppDelegate.swift */ = {isa = PBXFileReference; lastKnownFileType = sourcecode.swift; path = AppDelegate.swift; sourceTree = "<group>"; };
		C2A579FC1CBB42DB00BC11A1 /* Assets.xcassets */ = {isa = PBXFileReference; lastKnownFileType = folder.assetcatalog; path = Assets.xcassets; sourceTree = "<group>"; };
		C2A579FF1CBB42DB00BC11A1 /* Base */ = {isa = PBXFileReference; lastKnownFileType = file.xib; name = Base; path = Base.lproj/MainMenu.xib; sourceTree = "<group>"; };
		C2A57A011CBB42DB00BC11A1 /* Info.plist */ = {isa = PBXFileReference; lastKnownFileType = text.plist.xml; path = Info.plist; sourceTree = "<group>"; };
		C2A57A0D1CBB69AE00BC11A1 /* shakespeare.txt */ = {isa = PBXFileReference; fileEncoding = 4; lastKnownFileType = text; path = shakespeare.txt; sourceTree = "<group>"; };
		C2A57A131CBB6B9000BC11A1 /* Game.app */ = {isa = PBXFileReference; explicitFileType = wrapper.application; includeInIndex = 0; path = Game.app; sourceTree = BUILT_PRODUCTS_DIR; };
		C2A57A151CBB6B9000BC11A1 /* AppDelegate.swift */ = {isa = PBXFileReference; lastKnownFileType = sourcecode.swift; path = AppDelegate.swift; sourceTree = "<group>"; };
		C2A57A171CBB6B9000BC11A1 /* GameViewController.swift */ = {isa = PBXFileReference; lastKnownFileType = sourcecode.swift; path = GameViewController.swift; sourceTree = "<group>"; };
		C2A57A191CBB6B9000BC11A1 /* Shaders.metal */ = {isa = PBXFileReference; lastKnownFileType = sourcecode.metal; path = Shaders.metal; sourceTree = "<group>"; };
		C2A57A1B1CBB6B9000BC11A1 /* Assets.xcassets */ = {isa = PBXFileReference; lastKnownFileType = folder.assetcatalog; path = Assets.xcassets; sourceTree = "<group>"; };
		C2A57A1E1CBB6B9100BC11A1 /* Base */ = {isa = PBXFileReference; lastKnownFileType = file.xib; name = Base; path = Base.lproj/MainMenu.xib; sourceTree = "<group>"; };
		C2A57A201CBB6B9100BC11A1 /* Info.plist */ = {isa = PBXFileReference; lastKnownFileType = text.plist.xml; path = Info.plist; sourceTree = "<group>"; };
		C2A57A241CBB6CAE00BC11A1 /* DisplayViewController.swift */ = {isa = PBXFileReference; fileEncoding = 4; lastKnownFileType = sourcecode.swift; path = DisplayViewController.swift; sourceTree = "<group>"; };
		C2A57A261CBB817100BC11A1 /* Shaders.metal */ = {isa = PBXFileReference; fileEncoding = 4; lastKnownFileType = sourcecode.metal; path = Shaders.metal; sourceTree = "<group>"; };
		C2A57A2A1CC2E60500BC11A1 /* Layout.swift */ = {isa = PBXFileReference; fileEncoding = 4; lastKnownFileType = sourcecode.swift; path = Layout.swift; sourceTree = "<group>"; };
/* End PBXFileReference section */

/* Begin PBXFrameworksBuildPhase section */
		C2A579F41CBB42DB00BC11A1 /* Frameworks */ = {
			isa = PBXFrameworksBuildPhase;
			buildActionMask = 2147483647;
			files = (
			);
			runOnlyForDeploymentPostprocessing = 0;
		};
		C2A57A101CBB6B9000BC11A1 /* Frameworks */ = {
			isa = PBXFrameworksBuildPhase;
			buildActionMask = 2147483647;
			files = (
			);
			runOnlyForDeploymentPostprocessing = 0;
		};
/* End PBXFrameworksBuildPhase section */

/* Begin PBXGroup section */
		C2A579EE1CBB42DB00BC11A1 = {
			isa = PBXGroup;
			children = (
				C2A579F91CBB42DB00BC11A1 /* GPUTextComparison */,
				C2A57A141CBB6B9000BC11A1 /* Game */,
				C2A579F81CBB42DB00BC11A1 /* Products */,
			);
			sourceTree = "<group>";
		};
		C2A579F81CBB42DB00BC11A1 /* Products */ = {
			isa = PBXGroup;
			children = (
				C2A579F71CBB42DB00BC11A1 /* GPUTextComparison.app */,
				C2A57A131CBB6B9000BC11A1 /* Game.app */,
			);
			name = Products;
			sourceTree = "<group>";
		};
		C2A579F91CBB42DB00BC11A1 /* GPUTextComparison */ = {
			isa = PBXGroup;
			children = (
				C2A57A0D1CBB69AE00BC11A1 /* shakespeare.txt */,
				C2A579FA1CBB42DB00BC11A1 /* AppDelegate.swift */,
				C2A579FC1CBB42DB00BC11A1 /* Assets.xcassets */,
				C2A579FE1CBB42DB00BC11A1 /* MainMenu.xib */,
				C2A57A011CBB42DB00BC11A1 /* Info.plist */,
				C2A57A241CBB6CAE00BC11A1 /* DisplayViewController.swift */,
				C2A57A261CBB817100BC11A1 /* Shaders.metal */,
				C2A57A2A1CC2E60500BC11A1 /* Layout.swift */,
			);
			path = GPUTextComparison;
			sourceTree = "<group>";
		};
		C2A57A141CBB6B9000BC11A1 /* Game */ = {
			isa = PBXGroup;
			children = (
				C2A57A151CBB6B9000BC11A1 /* AppDelegate.swift */,
				C2A57A171CBB6B9000BC11A1 /* GameViewController.swift */,
				C2A57A191CBB6B9000BC11A1 /* Shaders.metal */,
				C2A57A1B1CBB6B9000BC11A1 /* Assets.xcassets */,
				C2A57A1D1CBB6B9100BC11A1 /* MainMenu.xib */,
				C2A57A201CBB6B9100BC11A1 /* Info.plist */,
			);
			path = Game;
			sourceTree = "<group>";
		};
/* End PBXGroup section */

/* Begin PBXNativeTarget section */
		C2A579F61CBB42DB00BC11A1 /* GPUTextComparison */ = {
			isa = PBXNativeTarget;
			buildConfigurationList = C2A57A041CBB42DB00BC11A1 /* Build configuration list for PBXNativeTarget "GPUTextComparison" */;
			buildPhases = (
				C2A579F31CBB42DB00BC11A1 /* Sources */,
				C2A579F41CBB42DB00BC11A1 /* Frameworks */,
				C2A579F51CBB42DB00BC11A1 /* Resources */,
			);
			buildRules = (
			);
			dependencies = (
			);
			name = GPUTextComparison;
			productName = GPUTextComparison;
			productReference = C2A579F71CBB42DB00BC11A1 /* GPUTextComparison.app */;
			productType = "com.apple.product-type.application";
		};
		C2A57A121CBB6B9000BC11A1 /* Game */ = {
			isa = PBXNativeTarget;
			buildConfigurationList = C2A57A211CBB6B9100BC11A1 /* Build configuration list for PBXNativeTarget "Game" */;
			buildPhases = (
				C2A57A0F1CBB6B9000BC11A1 /* Sources */,
				C2A57A101CBB6B9000BC11A1 /* Frameworks */,
				C2A57A111CBB6B9000BC11A1 /* Resources */,
			);
			buildRules = (
			);
			dependencies = (
			);
			name = Game;
			productName = Game;
			productReference = C2A57A131CBB6B9000BC11A1 /* Game.app */;
			productType = "com.apple.product-type.application";
		};
/* End PBXNativeTarget section */

/* Begin PBXProject section */
		C2A579EF1CBB42DB00BC11A1 /* Project object */ = {
			isa = PBXProject;
			attributes = {
				LastSwiftUpdateCheck = 0730;
				LastUpgradeCheck = 0730;
				ORGANIZATIONNAME = Litherum;
				TargetAttributes = {
					C2A579F61CBB42DB00BC11A1 = {
						CreatedOnToolsVersion = 7.3;
					};
					C2A57A121CBB6B9000BC11A1 = {
						CreatedOnToolsVersion = 7.3;
					};
				};
			};
			buildConfigurationList = C2A579F21CBB42DB00BC11A1 /* Build configuration list for PBXProject "GPUTextComparison" */;
			compatibilityVersion = "Xcode 3.2";
			developmentRegion = English;
			hasScannedForEncodings = 0;
			knownRegions = (
				en,
				Base,
			);
			mainGroup = C2A579EE1CBB42DB00BC11A1;
			productRefGroup = C2A579F81CBB42DB00BC11A1 /* Products */;
			projectDirPath = "";
			projectRoot = "";
			targets = (
				C2A579F61CBB42DB00BC11A1 /* GPUTextComparison */,
				C2A57A121CBB6B9000BC11A1 /* Game */,
			);
		};
/* End PBXProject section */

/* Begin PBXResourcesBuildPhase section */
		C2A579F51CBB42DB00BC11A1 /* Resources */ = {
			isa = PBXResourcesBuildPhase;
			buildActionMask = 2147483647;
			files = (
				C2A579FD1CBB42DB00BC11A1 /* Assets.xcassets in Resources */,
				C2A57A0E1CBB69AE00BC11A1 /* shakespeare.txt in Resources */,
				C2A57A001CBB42DB00BC11A1 /* MainMenu.xib in Resources */,
			);
			runOnlyForDeploymentPostprocessing = 0;
		};
		C2A57A111CBB6B9000BC11A1 /* Resources */ = {
			isa = PBXResourcesBuildPhase;
			buildActionMask = 2147483647;
			files = (
				C2A57A1C1CBB6B9000BC11A1 /* Assets.xcassets in Resources */,
				C2A57A1F1CBB6B9100BC11A1 /* MainMenu.xib in Resources */,
			);
			runOnlyForDeploymentPostprocessing = 0;
		};
/* End PBXResourcesBuildPhase section */

/* Begin PBXSourcesBuildPhase section */
		C2A579F31CBB42DB00BC11A1 /* Sources */ = {
			isa = PBXSourcesBuildPhase;
			buildActionMask = 2147483647;
			files = (
				C2A57A291CC2C8AA00BC11A1 /* DisplayViewController.swift in Sources */,
				C2A57A271CBB817100BC11A1 /* Shaders.metal in Sources */,
				C2A57A2B1CC2E60500BC11A1 /* Layout.swift in Sources */,
				C2A579FB1CBB42DB00BC11A1 /* AppDelegate.swift in Sources */,
			);
			runOnlyForDeploymentPostprocessing = 0;
		};
		C2A57A0F1CBB6B9000BC11A1 /* Sources */ = {
			isa = PBXSourcesBuildPhase;
			buildActionMask = 2147483647;
			files = (
				C2A57A1A1CBB6B9000BC11A1 /* Shaders.metal in Sources */,
				C2A57A181CBB6B9000BC11A1 /* GameViewController.swift in Sources */,
				C2A57A161CBB6B9000BC11A1 /* AppDelegate.swift in Sources */,
			);
			runOnlyForDeploymentPostprocessing = 0;
		};
/* End PBXSourcesBuildPhase section */

/* Begin PBXVariantGroup section */
		C2A579FE1CBB42DB00BC11A1 /* MainMenu.xib */ = {
			isa = PBXVariantGroup;
			children = (
				C2A579FF1CBB42DB00BC11A1 /* Base */,
			);
			name = MainMenu.xib;
			sourceTree = "<group>";
		};
		C2A57A1D1CBB6B9100BC11A1 /* MainMenu.xib */ = {
			isa = PBXVariantGroup;
			children = (
				C2A57A1E1CBB6B9100BC11A1 /* Base */,
			);
			name = MainMenu.xib;
			sourceTree = "<group>";
		};
/* End PBXVariantGroup section */

/* Begin XCBuildConfiguration section */
		C2A57A021CBB42DB00BC11A1 /* Debug */ = {
			isa = XCBuildConfiguration;
			buildSettings = {
				ALWAYS_SEARCH_USER_PATHS = NO;
				CLANG_ANALYZER_NONNULL = YES;
				CLANG_CXX_LANGUAGE_STANDARD = "gnu++0x";
				CLANG_CXX_LIBRARY = "libc++";
				CLANG_ENABLE_MODULES = YES;
				CLANG_ENABLE_OBJC_ARC = YES;
				CLANG_WARN_BOOL_CONVERSION = YES;
				CLANG_WARN_CONSTANT_CONVERSION = YES;
				CLANG_WARN_DIRECT_OBJC_ISA_USAGE = YES_ERROR;
				CLANG_WARN_EMPTY_BODY = YES;
				CLANG_WARN_ENUM_CONVERSION = YES;
				CLANG_WARN_INT_CONVERSION = YES;
				CLANG_WARN_OBJC_ROOT_CLASS = YES_ERROR;
				CLANG_WARN_UNREACHABLE_CODE = YES;
				CLANG_WARN__DUPLICATE_METHOD_MATCH = YES;
				CODE_SIGN_IDENTITY = "-";
				COPY_PHASE_STRIP = NO;
				DEBUG_INFORMATION_FORMAT = dwarf;
				ENABLE_STRICT_OBJC_MSGSEND = YES;
				ENABLE_TESTABILITY = YES;
				GCC_C_LANGUAGE_STANDARD = gnu99;
				GCC_DYNAMIC_NO_PIC = NO;
				GCC_NO_COMMON_BLOCKS = YES;
				GCC_OPTIMIZATION_LEVEL = 0;
				GCC_PREPROCESSOR_DEFINITIONS = (
					"DEBUG=1",
					"$(inherited)",
				);
				GCC_WARN_64_TO_32_BIT_CONVERSION = YES;
				GCC_WARN_ABOUT_RETURN_TYPE = YES_ERROR;
				GCC_WARN_UNDECLARED_SELECTOR = YES;
				GCC_WARN_UNINITIALIZED_AUTOS = YES_AGGRESSIVE;
				GCC_WARN_UNUSED_FUNCTION = YES;
				GCC_WARN_UNUSED_VARIABLE = YES;
				MACOSX_DEPLOYMENT_TARGET = 10.11;
				MTL_ENABLE_DEBUG_INFO = YES;
				ONLY_ACTIVE_ARCH = YES;
				SDKROOT = macosx;
				SWIFT_OPTIMIZATION_LEVEL = "-Onone";
			};
			name = Debug;
		};
		C2A57A031CBB42DB00BC11A1 /* Release */ = {
			isa = XCBuildConfiguration;
			buildSettings = {
				ALWAYS_SEARCH_USER_PATHS = NO;
				CLANG_ANALYZER_NONNULL = YES;
				CLANG_CXX_LANGUAGE_STANDARD = "gnu++0x";
				CLANG_CXX_LIBRARY = "libc++";
				CLANG_ENABLE_MODULES = YES;
				CLANG_ENABLE_OBJC_ARC = YES;
				CLANG_WARN_BOOL_CONVERSION = YES;
				CLANG_WARN_CONSTANT_CONVERSION = YES;
				CLANG_WARN_DIRECT_OBJC_ISA_USAGE = YES_ERROR;
				CLANG_WARN_EMPTY_BODY = YES;
				CLANG_WARN_ENUM_CONVERSION = YES;
				CLANG_WARN_INT_CONVERSION = YES;
				CLANG_WARN_OBJC_ROOT_CLASS = YES_ERROR;
				CLANG_WARN_UNREACHABLE_CODE = YES;
				CLANG_WARN__DUPLICATE_METHOD_MATCH = YES;
				CODE_SIGN_IDENTITY = "-";
				COPY_PHASE_STRIP = NO;
				DEBUG_INFORMATION_FORMAT = "dwarf-with-dsym";
				ENABLE_NS_ASSERTIONS = NO;
				ENABLE_STRICT_OBJC_MSGSEND = YES;
				GCC_C_LANGUAGE_STANDARD = gnu99;
				GCC_NO_COMMON_BLOCKS = YES;
				GCC_WARN_64_TO_32_BIT_CONVERSION = YES;
				GCC_WARN_ABOUT_RETURN_TYPE = YES_ERROR;
				GCC_WARN_UNDECLARED_SELECTOR = YES;
				GCC_WARN_UNINITIALIZED_AUTOS = YES_AGGRESSIVE;
				GCC_WARN_UNUSED_FUNCTION = YES;
				GCC_WARN_UNUSED_VARIABLE = YES;
				MACOSX_DEPLOYMENT_TARGET = 10.11;
				MTL_ENABLE_DEBUG_INFO = NO;
				SDKROOT = macosx;
			};
			name = Release;
		};
		C2A57A051CBB42DB00BC11A1 /* Debug */ = {
			isa = XCBuildConfiguration;
			buildSettings = {
				ASSETCATALOG_COMPILER_APPICON_NAME = AppIcon;
				COMBINE_HIDPI_IMAGES = YES;
				INFOPLIST_FILE = GPUTextComparison/Info.plist;
				LD_RUNPATH_SEARCH_PATHS = "$(inherited) @executable_path/../Frameworks";
				PRODUCT_BUNDLE_IDENTIFIER = Litherum.GPUTextComparison;
				PRODUCT_NAME = "$(TARGET_NAME)";
			};
			name = Debug;
		};
		C2A57A061CBB42DB00BC11A1 /* Release */ = {
			isa = XCBuildConfiguration;
			buildSettings = {
				ASSETCATALOG_COMPILER_APPICON_NAME = AppIcon;
				COMBINE_HIDPI_IMAGES = YES;
				INFOPLIST_FILE = GPUTextComparison/Info.plist;
				LD_RUNPATH_SEARCH_PATHS = "$(inherited) @executable_path/../Frameworks";
				PRODUCT_BUNDLE_IDENTIFIER = Litherum.GPUTextComparison;
				PRODUCT_NAME = "$(TARGET_NAME)";
			};
			name = Release;
		};
		C2A57A221CBB6B9100BC11A1 /* Debug */ = {
			isa = XCBuildConfiguration;
			buildSettings = {
				ASSETCATALOG_COMPILER_APPICON_NAME = AppIcon;
				COMBINE_HIDPI_IMAGES = YES;
				DEBUG_INFORMATION_FORMAT = "dwarf-with-dsym";
				INFOPLIST_FILE = Game/Info.plist;
				LD_RUNPATH_SEARCH_PATHS = "$(inherited) @executable_path/../Frameworks";
				PRODUCT_BUNDLE_IDENTIFIER = Litherum.Game;
				PRODUCT_NAME = "$(TARGET_NAME)";
			};
			name = Debug;
		};
		C2A57A231CBB6B9100BC11A1 /* Release */ = {
			isa = XCBuildConfiguration;
			buildSettings = {
				ASSETCATALOG_COMPILER_APPICON_NAME = AppIcon;
				COMBINE_HIDPI_IMAGES = YES;
				INFOPLIST_FILE = Game/Info.plist;
				LD_RUNPATH_SEARCH_PATHS = "$(inherited) @executable_path/../Frameworks";
				PRODUCT_BUNDLE_IDENTIFIER = Litherum.Game;
				PRODUCT_NAME = "$(TARGET_NAME)";
			};
			name = Release;
		};
/* End XCBuildConfiguration section */

/* Begin XCConfigurationList section */
		C2A579F21CBB42DB00BC11A1 /* Build configuration list for PBXProject "GPUTextComparison" */ = {
			isa = XCConfigurationList;
			buildConfigurations = (
				C2A57A021CBB42DB00BC11A1 /* Debug */,
				C2A57A031CBB42DB00BC11A1 /* Release */,
			);
			defaultConfigurationIsVisible = 0;
			defaultConfigurationName = Release;
		};
		C2A57A041CBB42DB00BC11A1 /* Build configuration list for PBXNativeTarget "GPUTextComparison" */ = {
			isa = XCConfigurationList;
			buildConfigurations = (
				C2A57A051CBB42DB00BC11A1 /* Debug */,
				C2A57A061CBB42DB00BC11A1 /* Release */,
			);
			defaultConfigurationIsVisible = 0;
			defaultConfigurationName = Release;
		};
		C2A57A211CBB6B9100BC11A1 /* Build configuration list for PBXNativeTarget "Game" */ = {
			isa = XCConfigurationList;
			buildConfigurations = (
				C2A57A221CBB6B9100BC11A1 /* Debug */,
				C2A57A231CBB6B9100BC11A1 /* Release */,
			);
			defaultConfigurationIsVisible = 0;
			defaultConfigurationName = Release;
		};
/* End XCConfigurationList section */
	};
	rootObject = C2A579EF1CBB42DB00BC11A1 /* Project object */;
}
